// !$*UTF8*$!
{
	archiveVersion = 1;
	classes = {
	};
	objectVersion = 55;
	objects = {

/* Begin PBXBuildFile section */
		521DB3B2287FEE6A0065A0B7 /* SettingsViewController.swift in Sources */ = {isa = PBXBuildFile; fileRef = 521DB3B1287FEE6A0065A0B7 /* SettingsViewController.swift */; };
		52619A2C287EB8A200126582 /* AppDelegate.swift in Sources */ = {isa = PBXBuildFile; fileRef = 52619A2B287EB8A200126582 /* AppDelegate.swift */; };
		52619A2E287EB8A200126582 /* SceneDelegate.swift in Sources */ = {isa = PBXBuildFile; fileRef = 52619A2D287EB8A200126582 /* SceneDelegate.swift */; };
		52619A30287EB8A200126582 /* ViewController.swift in Sources */ = {isa = PBXBuildFile; fileRef = 52619A2F287EB8A200126582 /* ViewController.swift */; };
		52619A33287EB8A200126582 /* Main.storyboard in Resources */ = {isa = PBXBuildFile; fileRef = 52619A31287EB8A200126582 /* Main.storyboard */; };
		52619A35287EB8A500126582 /* Assets.xcassets in Resources */ = {isa = PBXBuildFile; fileRef = 52619A34287EB8A500126582 /* Assets.xcassets */; };
		52619A38287EB8A500126582 /* LaunchScreen.storyboard in Resources */ = {isa = PBXBuildFile; fileRef = 52619A36287EB8A500126582 /* LaunchScreen.storyboard */; };
		52619A43287EB8A500126582 /* IOS_PreworkTests.swift in Sources */ = {isa = PBXBuildFile; fileRef = 52619A42287EB8A500126582 /* IOS_PreworkTests.swift */; };
		52619A4D287EB8A500126582 /* IOS_PreworkUITests.swift in Sources */ = {isa = PBXBuildFile; fileRef = 52619A4C287EB8A500126582 /* IOS_PreworkUITests.swift */; };
		52619A4F287EB8A500126582 /* IOS_PreworkUITestsLaunchTests.swift in Sources */ = {isa = PBXBuildFile; fileRef = 52619A4E287EB8A500126582 /* IOS_PreworkUITestsLaunchTests.swift */; };
/* End PBXBuildFile section */

/* Begin PBXContainerItemProxy section */
		52619A3F287EB8A500126582 /* PBXContainerItemProxy */ = {
			isa = PBXContainerItemProxy;
			containerPortal = 52619A20287EB8A200126582 /* Project object */;
			proxyType = 1;
			remoteGlobalIDString = 52619A27287EB8A200126582;
			remoteInfo = "IOS Prework";
		};
		52619A49287EB8A500126582 /* PBXContainerItemProxy */ = {
			isa = PBXContainerItemProxy;
			containerPortal = 52619A20287EB8A200126582 /* Project object */;
			proxyType = 1;
			remoteGlobalIDString = 52619A27287EB8A200126582;
			remoteInfo = "IOS Prework";
		};
/* End PBXContainerItemProxy section */

/* Begin PBXFileReference section */
		521DB3B1287FEE6A0065A0B7 /* SettingsViewController.swift */ = {isa = PBXFileReference; lastKnownFileType = sourcecode.swift; path = SettingsViewController.swift; sourceTree = "<group>"; };
		52619A28287EB8A200126582 /* IOS Prework.app */ = {isa = PBXFileReference; explicitFileType = wrapper.application; includeInIndex = 0; path = "IOS Prework.app"; sourceTree = BUILT_PRODUCTS_DIR; };
		52619A2B287EB8A200126582 /* AppDelegate.swift */ = {isa = PBXFileReference; lastKnownFileType = sourcecode.swift; path = AppDelegate.swift; sourceTree = "<group>"; };
		52619A2D287EB8A200126582 /* SceneDelegate.swift */ = {isa = PBXFileReference; lastKnownFileType = sourcecode.swift; path = SceneDelegate.swift; sourceTree = "<group>"; };
		52619A2F287EB8A200126582 /* ViewController.swift */ = {isa = PBXFileReference; lastKnownFileType = sourcecode.swift; path = ViewController.swift; sourceTree = "<group>"; };
		52619A32287EB8A200126582 /* Base */ = {isa = PBXFileReference; lastKnownFileType = file.storyboard; name = Base; path = Base.lproj/Main.storyboard; sourceTree = "<group>"; };
		52619A34287EB8A500126582 /* Assets.xcassets */ = {isa = PBXFileReference; lastKnownFileType = folder.assetcatalog; path = Assets.xcassets; sourceTree = "<group>"; };
		52619A37287EB8A500126582 /* Base */ = {isa = PBXFileReference; lastKnownFileType = file.storyboard; name = Base; path = Base.lproj/LaunchScreen.storyboard; sourceTree = "<group>"; };
		52619A39287EB8A500126582 /* Info.plist */ = {isa = PBXFileReference; lastKnownFileType = text.plist.xml; path = Info.plist; sourceTree = "<group>"; };
		52619A3E287EB8A500126582 /* IOS PreworkTests.xctest */ = {isa = PBXFileReference; explicitFileType = wrapper.cfbundle; includeInIndex = 0; path = "IOS PreworkTests.xctest"; sourceTree = BUILT_PRODUCTS_DIR; };
		52619A42287EB8A500126582 /* IOS_PreworkTests.swift */ = {isa = PBXFileReference; lastKnownFileType = sourcecode.swift; path = IOS_PreworkTests.swift; sourceTree = "<group>"; };
		52619A48287EB8A500126582 /* IOS PreworkUITests.xctest */ = {isa = PBXFileReference; explicitFileType = wrapper.cfbundle; includeInIndex = 0; path = "IOS PreworkUITests.xctest"; sourceTree = BUILT_PRODUCTS_DIR; };
		52619A4C287EB8A500126582 /* IOS_PreworkUITests.swift */ = {isa = PBXFileReference; lastKnownFileType = sourcecode.swift; path = IOS_PreworkUITests.swift; sourceTree = "<group>"; };
		52619A4E287EB8A500126582 /* IOS_PreworkUITestsLaunchTests.swift */ = {isa = PBXFileReference; lastKnownFileType = sourcecode.swift; path = IOS_PreworkUITestsLaunchTests.swift; sourceTree = "<group>"; };
/* End PBXFileReference section */

/* Begin PBXFrameworksBuildPhase section */
		52619A25287EB8A200126582 /* Frameworks */ = {
			isa = PBXFrameworksBuildPhase;
			buildActionMask = 2147483647;
			files = (
			);
			runOnlyForDeploymentPostprocessing = 0;
		};
		52619A3B287EB8A500126582 /* Frameworks */ = {
			isa = PBXFrameworksBuildPhase;
			buildActionMask = 2147483647;
			files = (
			);
			runOnlyForDeploymentPostprocessing = 0;
		};
		52619A45287EB8A500126582 /* Frameworks */ = {
			isa = PBXFrameworksBuildPhase;
			buildActionMask = 2147483647;
			files = (
			);
			runOnlyForDeploymentPostprocessing = 0;
		};
/* End PBXFrameworksBuildPhase section */

/* Begin PBXGroup section */
		52619A1F287EB8A200126582 = {
			isa = PBXGroup;
			children = (
				52619A2A287EB8A200126582 /* IOS Prework */,
				52619A41287EB8A500126582 /* IOS PreworkTests */,
				52619A4B287EB8A500126582 /* IOS PreworkUITests */,
				52619A29287EB8A200126582 /* Products */,
			);
			sourceTree = "<group>";
		};
		52619A29287EB8A200126582 /* Products */ = {
			isa = PBXGroup;
			children = (
				52619A28287EB8A200126582 /* IOS Prework.app */,
				52619A3E287EB8A500126582 /* IOS PreworkTests.xctest */,
				52619A48287EB8A500126582 /* IOS PreworkUITests.xctest */,
			);
			name = Products;
			sourceTree = "<group>";
		};
		52619A2A287EB8A200126582 /* IOS Prework */ = {
			isa = PBXGroup;
			children = (
				52619A2B287EB8A200126582 /* AppDelegate.swift */,
				52619A2D287EB8A200126582 /* SceneDelegate.swift */,
				52619A2F287EB8A200126582 /* ViewController.swift */,
				52619A31287EB8A200126582 /* Main.storyboard */,
				521DB3B1287FEE6A0065A0B7 /* SettingsViewController.swift */,
				52619A34287EB8A500126582 /* Assets.xcassets */,
				52619A36287EB8A500126582 /* LaunchScreen.storyboard */,
				52619A39287EB8A500126582 /* Info.plist */,
			);
			path = "IOS Prework";
			sourceTree = "<group>";
		};
		52619A41287EB8A500126582 /* IOS PreworkTests */ = {
			isa = PBXGroup;
			children = (
				52619A42287EB8A500126582 /* IOS_PreworkTests.swift */,
			);
			path = "IOS PreworkTests";
			sourceTree = "<group>";
		};
		52619A4B287EB8A500126582 /* IOS PreworkUITests */ = {
			isa = PBXGroup;
			children = (
				52619A4C287EB8A500126582 /* IOS_PreworkUITests.swift */,
				52619A4E287EB8A500126582 /* IOS_PreworkUITestsLaunchTests.swift */,
			);
			path = "IOS PreworkUITests";
			sourceTree = "<group>";
		};
/* End PBXGroup section */

/* Begin PBXNativeTarget section */
		52619A27287EB8A200126582 /* IOS Prework */ = {
			isa = PBXNativeTarget;
			buildConfigurationList = 52619A52287EB8A500126582 /* Build configuration list for PBXNativeTarget "IOS Prework" */;
			buildPhases = (
				52619A24287EB8A200126582 /* Sources */,
				52619A25287EB8A200126582 /* Frameworks */,
				52619A26287EB8A200126582 /* Resources */,
			);
			buildRules = (
			);
			dependencies = (
			);
			name = "IOS Prework";
			productName = "IOS Prework";
			productReference = 52619A28287EB8A200126582 /* IOS Prework.app */;
			productType = "com.apple.product-type.application";
		};
		52619A3D287EB8A500126582 /* IOS PreworkTests */ = {
			isa = PBXNativeTarget;
			buildConfigurationList = 52619A55287EB8A500126582 /* Build configuration list for PBXNativeTarget "IOS PreworkTests" */;
			buildPhases = (
				52619A3A287EB8A500126582 /* Sources */,
				52619A3B287EB8A500126582 /* Frameworks */,
				52619A3C287EB8A500126582 /* Resources */,
			);
			buildRules = (
			);
			dependencies = (
				52619A40287EB8A500126582 /* PBXTargetDependency */,
			);
			name = "IOS PreworkTests";
			productName = "IOS PreworkTests";
			productReference = 52619A3E287EB8A500126582 /* IOS PreworkTests.xctest */;
			productType = "com.apple.product-type.bundle.unit-test";
		};
		52619A47287EB8A500126582 /* IOS PreworkUITests */ = {
			isa = PBXNativeTarget;
			buildConfigurationList = 52619A58287EB8A500126582 /* Build configuration list for PBXNativeTarget "IOS PreworkUITests" */;
			buildPhases = (
				52619A44287EB8A500126582 /* Sources */,
				52619A45287EB8A500126582 /* Frameworks */,
				52619A46287EB8A500126582 /* Resources */,
			);
			buildRules = (
			);
			dependencies = (
				52619A4A287EB8A500126582 /* PBXTargetDependency */,
			);
			name = "IOS PreworkUITests";
			productName = "IOS PreworkUITests";
			productReference = 52619A48287EB8A500126582 /* IOS PreworkUITests.xctest */;
			productType = "com.apple.product-type.bundle.ui-testing";
		};
/* End PBXNativeTarget section */

/* Begin PBXProject section */
		52619A20287EB8A200126582 /* Project object */ = {
			isa = PBXProject;
			attributes = {
				BuildIndependentTargetsInParallel = 1;
				LastSwiftUpdateCheck = 1340;
				LastUpgradeCheck = 1340;
				TargetAttributes = {
					52619A27287EB8A200126582 = {
						CreatedOnToolsVersion = 13.4.1;
					};
					52619A3D287EB8A500126582 = {
						CreatedOnToolsVersion = 13.4.1;
						TestTargetID = 52619A27287EB8A200126582;
					};
					52619A47287EB8A500126582 = {
						CreatedOnToolsVersion = 13.4.1;
						TestTargetID = 52619A27287EB8A200126582;
					};
				};
			};
			buildConfigurationList = 52619A23287EB8A200126582 /* Build configuration list for PBXProject "IOS Prework" */;
			compatibilityVersion = "Xcode 13.0";
			developmentRegion = en;
			hasScannedForEncodings = 0;
			knownRegions = (
				en,
				Base,
			);
			mainGroup = 52619A1F287EB8A200126582;
			productRefGroup = 52619A29287EB8A200126582 /* Products */;
			projectDirPath = "";
			projectRoot = "";
			targets = (
				52619A27287EB8A200126582 /* IOS Prework */,
				52619A3D287EB8A500126582 /* IOS PreworkTests */,
				52619A47287EB8A500126582 /* IOS PreworkUITests */,
			);
		};
/* End PBXProject section */

/* Begin PBXResourcesBuildPhase section */
		52619A26287EB8A200126582 /* Resources */ = {
			isa = PBXResourcesBuildPhase;
			buildActionMask = 2147483647;
			files = (
				52619A38287EB8A500126582 /* LaunchScreen.storyboard in Resources */,
				52619A35287EB8A500126582 /* Assets.xcassets in Resources */,
				52619A33287EB8A200126582 /* Main.storyboard in Resources */,
			);
			runOnlyForDeploymentPostprocessing = 0;
		};
		52619A3C287EB8A500126582 /* Resources */ = {
			isa = PBXResourcesBuildPhase;
			buildActionMask = 2147483647;
			files = (
			);
			runOnlyForDeploymentPostprocessing = 0;
		};
		52619A46287EB8A500126582 /* Resources */ = {
			isa = PBXResourcesBuildPhase;
			buildActionMask = 2147483647;
			files = (
			);
			runOnlyForDeploymentPostprocessing = 0;
		};
/* End PBXResourcesBuildPhase section */

/* Begin PBXSourcesBuildPhase section */
		52619A24287EB8A200126582 /* Sources */ = {
			isa = PBXSourcesBuildPhase;
			buildActionMask = 2147483647;
			files = (
				52619A30287EB8A200126582 /* ViewController.swift in Sources */,
				52619A2C287EB8A200126582 /* AppDelegate.swift in Sources */,
				52619A2E287EB8A200126582 /* SceneDelegate.swift in Sources */,
				521DB3B2287FEE6A0065A0B7 /* SettingsViewController.swift in Sources */,
			);
			runOnlyForDeploymentPostprocessing = 0;
		};
		52619A3A287EB8A500126582 /* Sources */ = {
			isa = PBXSourcesBuildPhase;
			buildActionMask = 2147483647;
			files = (
				52619A43287EB8A500126582 /* IOS_PreworkTests.swift in Sources */,
			);
			runOnlyForDeploymentPostprocessing = 0;
		};
		52619A44287EB8A500126582 /* Sources */ = {
			isa = PBXSourcesBuildPhase;
			buildActionMask = 2147483647;
			files = (
				52619A4D287EB8A500126582 /* IOS_PreworkUITests.swift in Sources */,
				52619A4F287EB8A500126582 /* IOS_PreworkUITestsLaunchTests.swift in Sources */,
			);
			runOnlyForDeploymentPostprocessing = 0;
		};
/* End PBXSourcesBuildPhase section */

/* Begin PBXTargetDependency section */
		52619A40287EB8A500126582 /* PBXTargetDependency */ = {
			isa = PBXTargetDependency;
			target = 52619A27287EB8A200126582 /* IOS Prework */;
			targetProxy = 52619A3F287EB8A500126582 /* PBXContainerItemProxy */;
		};
		52619A4A287EB8A500126582 /* PBXTargetDependency */ = {
			isa = PBXTargetDependency;
			target = 52619A27287EB8A200126582 /* IOS Prework */;
			targetProxy = 52619A49287EB8A500126582 /* PBXContainerItemProxy */;
		};
/* End PBXTargetDependency section */

/* Begin PBXVariantGroup section */
		52619A31287EB8A200126582 /* Main.storyboard */ = {
			isa = PBXVariantGroup;
			children = (
				52619A32287EB8A200126582 /* Base */,
			);
			name = Main.storyboard;
			sourceTree = "<group>";
		};
		52619A36287EB8A500126582 /* LaunchScreen.storyboard */ = {
			isa = PBXVariantGroup;
			children = (
				52619A37287EB8A500126582 /* Base */,
			);
			name = LaunchScreen.storyboard;
			sourceTree = "<group>";
		};
/* End PBXVariantGroup section */

/* Begin XCBuildConfiguration section */
		52619A50287EB8A500126582 /* Debug */ = {
			isa = XCBuildConfiguration;
			buildSettings = {
				ALWAYS_SEARCH_USER_PATHS = NO;
				CLANG_ANALYZER_NONNULL = YES;
				CLANG_ANALYZER_NUMBER_OBJECT_CONVERSION = YES_AGGRESSIVE;
				CLANG_CXX_LANGUAGE_STANDARD = "gnu++17";
				CLANG_ENABLE_MODULES = YES;
				CLANG_ENABLE_OBJC_ARC = YES;
				CLANG_ENABLE_OBJC_WEAK = YES;
				CLANG_WARN_BLOCK_CAPTURE_AUTORELEASING = YES;
				CLANG_WARN_BOOL_CONVERSION = YES;
				CLANG_WARN_COMMA = YES;
				CLANG_WARN_CONSTANT_CONVERSION = YES;
				CLANG_WARN_DEPRECATED_OBJC_IMPLEMENTATIONS = YES;
				CLANG_WARN_DIRECT_OBJC_ISA_USAGE = YES_ERROR;
				CLANG_WARN_DOCUMENTATION_COMMENTS = YES;
				CLANG_WARN_EMPTY_BODY = YES;
				CLANG_WARN_ENUM_CONVERSION = YES;
				CLANG_WARN_INFINITE_RECURSION = YES;
				CLANG_WARN_INT_CONVERSION = YES;
				CLANG_WARN_NON_LITERAL_NULL_CONVERSION = YES;
				CLANG_WARN_OBJC_IMPLICIT_RETAIN_SELF = YES;
				CLANG_WARN_OBJC_LITERAL_CONVERSION = YES;
				CLANG_WARN_OBJC_ROOT_CLASS = YES_ERROR;
				CLANG_WARN_QUOTED_INCLUDE_IN_FRAMEWORK_HEADER = YES;
				CLANG_WARN_RANGE_LOOP_ANALYSIS = YES;
				CLANG_WARN_STRICT_PROTOTYPES = YES;
				CLANG_WARN_SUSPICIOUS_MOVE = YES;
				CLANG_WARN_UNGUARDED_AVAILABILITY = YES_AGGRESSIVE;
				CLANG_WARN_UNREACHABLE_CODE = YES;
				CLANG_WARN__DUPLICATE_METHOD_MATCH = YES;
				COPY_PHASE_STRIP = NO;
				DEBUG_INFORMATION_FORMAT = dwarf;
				ENABLE_STRICT_OBJC_MSGSEND = YES;
				ENABLE_TESTABILITY = YES;
				GCC_C_LANGUAGE_STANDARD = gnu11;
				GCC_DYNAMIC_NO_PIC = NO;
				GCC_NO_COMMON_BLOCKS = YES;
				GCC_OPTIMIZATION_LEVEL = 0;
				GCC_PREPROCESSOR_DEFINITIONS = (
					"DEBUG=1",
					"$(inherited)",
				);
				GCC_WARN_64_TO_32_BIT_CONVERSION = YES;
				GCC_WARN_ABOUT_RETURN_TYPE = YES_ERROR;
				GCC_WARN_UNDECLARED_SELECTOR = YES;
				GCC_WARN_UNINITIALIZED_AUTOS = YES_AGGRESSIVE;
				GCC_WARN_UNUSED_FUNCTION = YES;
				GCC_WARN_UNUSED_VARIABLE = YES;
				IPHONEOS_DEPLOYMENT_TARGET = 15.5;
				MTL_ENABLE_DEBUG_INFO = INCLUDE_SOURCE;
				MTL_FAST_MATH = YES;
				ONLY_ACTIVE_ARCH = YES;
				SDKROOT = iphoneos;
				SWIFT_ACTIVE_COMPILATION_CONDITIONS = DEBUG;
				SWIFT_OPTIMIZATION_LEVEL = "-Onone";
			};
			name = Debug;
		};
		52619A51287EB8A500126582 /* Release */ = {
			isa = XCBuildConfiguration;
			buildSettings = {
				ALWAYS_SEARCH_USER_PATHS = NO;
				CLANG_ANALYZER_NONNULL = YES;
				CLANG_ANALYZER_NUMBER_OBJECT_CONVERSION = YES_AGGRESSIVE;
				CLANG_CXX_LANGUAGE_STANDARD = "gnu++17";
				CLANG_ENABLE_MODULES = YES;
				CLANG_ENABLE_OBJC_ARC = YES;
				CLANG_ENABLE_OBJC_WEAK = YES;
				CLANG_WARN_BLOCK_CAPTURE_AUTORELEASING = YES;
				CLANG_WARN_BOOL_CONVERSION = YES;
				CLANG_WARN_COMMA = YES;
				CLANG_WARN_CONSTANT_CONVERSION = YES;
				CLANG_WARN_DEPRECATED_OBJC_IMPLEMENTATIONS = YES;
				CLANG_WARN_DIRECT_OBJC_ISA_USAGE = YES_ERROR;
				CLANG_WARN_DOCUMENTATION_COMMENTS = YES;
				CLANG_WARN_EMPTY_BODY = YES;
				CLANG_WARN_ENUM_CONVERSION = YES;
				CLANG_WARN_INFINITE_RECURSION = YES;
				CLANG_WARN_INT_CONVERSION = YES;
				CLANG_WARN_NON_LITERAL_NULL_CONVERSION = YES;
				CLANG_WARN_OBJC_IMPLICIT_RETAIN_SELF = YES;
				CLANG_WARN_OBJC_LITERAL_CONVERSION = YES;
				CLANG_WARN_OBJC_ROOT_CLASS = YES_ERROR;
				CLANG_WARN_QUOTED_INCLUDE_IN_FRAMEWORK_HEADER = YES;
				CLANG_WARN_RANGE_LOOP_ANALYSIS = YES;
				CLANG_WARN_STRICT_PROTOTYPES = YES;
				CLANG_WARN_SUSPICIOUS_MOVE = YES;
				CLANG_WARN_UNGUARDED_AVAILABILITY = YES_AGGRESSIVE;
				CLANG_WARN_UNREACHABLE_CODE = YES;
				CLANG_WARN__DUPLICATE_METHOD_MATCH = YES;
				COPY_PHASE_STRIP = NO;
				DEBUG_INFORMATION_FORMAT = "dwarf-with-dsym";
				ENABLE_NS_ASSERTIONS = NO;
				ENABLE_STRICT_OBJC_MSGSEND = YES;
				GCC_C_LANGUAGE_STANDARD = gnu11;
				GCC_NO_COMMON_BLOCKS = YES;
				GCC_WARN_64_TO_32_BIT_CONVERSION = YES;
				GCC_WARN_ABOUT_RETURN_TYPE = YES_ERROR;
				GCC_WARN_UNDECLARED_SELECTOR = YES;
				GCC_WARN_UNINITIALIZED_AUTOS = YES_AGGRESSIVE;
				GCC_WARN_UNUSED_FUNCTION = YES;
				GCC_WARN_UNUSED_VARIABLE = YES;
				IPHONEOS_DEPLOYMENT_TARGET = 15.5;
				MTL_ENABLE_DEBUG_INFO = NO;
				MTL_FAST_MATH = YES;
				SDKROOT = iphoneos;
				SWIFT_COMPILATION_MODE = wholemodule;
				SWIFT_OPTIMIZATION_LEVEL = "-O";
				VALIDATE_PRODUCT = YES;
			};
			name = Release;
		};
		52619A53287EB8A500126582 /* Debug */ = {
			isa = XCBuildConfiguration;
			buildSettings = {
				ASSETCATALOG_COMPILER_APPICON_NAME = AppIcon;
				ASSETCATALOG_COMPILER_GLOBAL_ACCENT_COLOR_NAME = AccentColor;
				CODE_SIGN_STYLE = Automatic;
				CURRENT_PROJECT_VERSION = 1;
				DEVELOPMENT_TEAM = 8T742VG7ZG;
				GENERATE_INFOPLIST_FILE = YES;
				INFOPLIST_FILE = "IOS Prework/Info.plist";
				INFOPLIST_KEY_UIApplicationSupportsIndirectInputEvents = YES;
				INFOPLIST_KEY_UILaunchStoryboardName = LaunchScreen;
				INFOPLIST_KEY_UIMainStoryboardFile = Main;
				INFOPLIST_KEY_UISupportedInterfaceOrientations_iPad = "UIInterfaceOrientationPortrait UIInterfaceOrientationPortraitUpsideDown UIInterfaceOrientationLandscapeLeft UIInterfaceOrientationLandscapeRight";
				INFOPLIST_KEY_UISupportedInterfaceOrientations_iPhone = "UIInterfaceOrientationPortrait UIInterfaceOrientationLandscapeLeft UIInterfaceOrientationLandscapeRight";
				LD_RUNPATH_SEARCH_PATHS = (
					"$(inherited)",
					"@executable_path/Frameworks",
				);
				MARKETING_VERSION = 1.0;
				PRODUCT_BUNDLE_IDENTIFIER = chang.com;
				PRODUCT_NAME = "$(TARGET_NAME)";
				SWIFT_EMIT_LOC_STRINGS = YES;
				SWIFT_VERSION = 5.0;
				TARGETED_DEVICE_FAMILY = "1,2";
			};
			name = Debug;
		};
		52619A54287EB8A500126582 /* Release */ = {
			isa = XCBuildConfiguration;
			buildSettings = {
				ASSETCATALOG_COMPILER_APPICON_NAME = AppIcon;
				ASSETCATALOG_COMPILER_GLOBAL_ACCENT_COLOR_NAME = AccentColor;
				CODE_SIGN_STYLE = Automatic;
				CURRENT_PROJECT_VERSION = 1;
				DEVELOPMENT_TEAM = 8T742VG7ZG;
				GENERATE_INFOPLIST_FILE = YES;
				INFOPLIST_FILE = "IOS Prework/Info.plist";
				INFOPLIST_KEY_UIApplicationSupportsIndirectInputEvents = YES;
				INFOPLIST_KEY_UILaunchStoryboardName = LaunchScreen;
				INFOPLIST_KEY_UIMainStoryboardFile = Main;
				INFOPLIST_KEY_UISupportedInterfaceOrientations_iPad = "UIInterfaceOrientationPortrait UIInterfaceOrientationPortraitUpsideDown UIInterfaceOrientationLandscapeLeft UIInterfaceOrientationLandscapeRight";
				INFOPLIST_KEY_UISupportedInterfaceOrientations_iPhone = "UIInterfaceOrientationPortrait UIInterfaceOrientationLandscapeLeft UIInterfaceOrientationLandscapeRight";
				LD_RUNPATH_SEARCH_PATHS = (
					"$(inherited)",
					"@executable_path/Frameworks",
				);
				MARKETING_VERSION = 1.0;
				PRODUCT_BUNDLE_IDENTIFIER = chang.com;
				PRODUCT_NAME = "$(TARGET_NAME)";
				SWIFT_EMIT_LOC_STRINGS = YES;
				SWIFT_VERSION = 5.0;
				TARGETED_DEVICE_FAMILY = "1,2";
			};
			name = Release;
		};
		52619A56287EB8A500126582 /* Debug */ = {
			isa = XCBuildConfiguration;
			buildSettings = {
				ALWAYS_EMBED_SWIFT_STANDARD_LIBRARIES = YES;
				BUNDLE_LOADER = "$(TEST_HOST)";
				CODE_SIGN_STYLE = Automatic;
				CURRENT_PROJECT_VERSION = 1;
				GENERATE_INFOPLIST_FILE = YES;
				IPHONEOS_DEPLOYMENT_TARGET = 15.5;
				MARKETING_VERSION = 1.0;
				PRODUCT_BUNDLE_IDENTIFIER = "memo.com.IOS-PreworkTests";
				PRODUCT_NAME = "$(TARGET_NAME)";
				SWIFT_EMIT_LOC_STRINGS = NO;
				SWIFT_VERSION = 5.0;
				TARGETED_DEVICE_FAMILY = "1,2";
				TEST_HOST = "$(BUILT_PRODUCTS_DIR)/IOS Prework.app/IOS Prework";
			};
			name = Debug;
		};
		52619A57287EB8A500126582 /* Release */ = {
			isa = XCBuildConfiguration;
			buildSettings = {
				ALWAYS_EMBED_SWIFT_STANDARD_LIBRARIES = YES;
				BUNDLE_LOADER = "$(TEST_HOST)";
				CODE_SIGN_STYLE = Automatic;
				CURRENT_PROJECT_VERSION = 1;
				GENERATE_INFOPLIST_FILE = YES;
				IPHONEOS_DEPLOYMENT_TARGET = 15.5;
				MARKETING_VERSION = 1.0;
				PRODUCT_BUNDLE_IDENTIFIER = "memo.com.IOS-PreworkTests";
				PRODUCT_NAME = "$(TARGET_NAME)";
				SWIFT_EMIT_LOC_STRINGS = NO;
				SWIFT_VERSION = 5.0;
				TARGETED_DEVICE_FAMILY = "1,2";
				TEST_HOST = "$(BUILT_PRODUCTS_DIR)/IOS Prework.app/IOS Prework";
			};
			name = Release;
		};
		52619A59287EB8A500126582 /* Debug */ = {
			isa = XCBuildConfiguration;
			buildSettings = {
				ALWAYS_EMBED_SWIFT_STANDARD_LIBRARIES = YES;
				CODE_SIGN_STYLE = Automatic;
				CURRENT_PROJECT_VERSION = 1;
				GENERATE_INFOPLIST_FILE = YES;
				MARKETING_VERSION = 1.0;
				PRODUCT_BUNDLE_IDENTIFIER = "memo.com.IOS-PreworkUITests";
				PRODUCT_NAME = "$(TARGET_NAME)";
				SWIFT_EMIT_LOC_STRINGS = NO;
				SWIFT_VERSION = 5.0;
				TARGETED_DEVICE_FAMILY = "1,2";
				TEST_TARGET_NAME = "IOS Prework";
			};
			name = Debug;
		};
		52619A5A287EB8A500126582 /* Release */ = {
			isa = XCBuildConfiguration;
			buildSettings = {
				ALWAYS_EMBED_SWIFT_STANDARD_LIBRARIES = YES;
				CODE_SIGN_STYLE = Automatic;
				CURRENT_PROJECT_VERSION = 1;
				GENERATE_INFOPLIST_FILE = YES;
				MARKETING_VERSION = 1.0;
				PRODUCT_BUNDLE_IDENTIFIER = "memo.com.IOS-PreworkUITests";
				PRODUCT_NAME = "$(TARGET_NAME)";
				SWIFT_EMIT_LOC_STRINGS = NO;
				SWIFT_VERSION = 5.0;
				TARGETED_DEVICE_FAMILY = "1,2";
				TEST_TARGET_NAME = "IOS Prework";
			};
			name = Release;
		};
/* End XCBuildConfiguration section */

/* Begin XCConfigurationList section */
		52619A23287EB8A200126582 /* Build configuration list for PBXProject "IOS Prework" */ = {
			isa = XCConfigurationList;
			buildConfigurations = (
				52619A50287EB8A500126582 /* Debug */,
				52619A51287EB8A500126582 /* Release */,
			);
			defaultConfigurationIsVisible = 0;
			defaultConfigurationName = Release;
		};
		52619A52287EB8A500126582 /* Build configuration list for PBXNativeTarget "IOS Prework" */ = {
			isa = XCConfigurationList;
			buildConfigurations = (
				52619A53287EB8A500126582 /* Debug */,
				52619A54287EB8A500126582 /* Release */,
			);
			defaultConfigurationIsVisible = 0;
			defaultConfigurationName = Release;
		};
		52619A55287EB8A500126582 /* Build configuration list for PBXNativeTarget "IOS PreworkTests" */ = {
			isa = XCConfigurationList;
			buildConfigurations = (
				52619A56287EB8A500126582 /* Debug */,
				52619A57287EB8A500126582 /* Release */,
			);
			defaultConfigurationIsVisible = 0;
			defaultConfigurationName = Release;
		};
		52619A58287EB8A500126582 /* Build configuration list for PBXNativeTarget "IOS PreworkUITests" */ = {
			isa = XCConfigurationList;
			buildConfigurations = (
				52619A59287EB8A500126582 /* Debug */,
				52619A5A287EB8A500126582 /* Release */,
			);
			defaultConfigurationIsVisible = 0;
			defaultConfigurationName = Release;
		};
/* End XCConfigurationList section */
	};
	rootObject = 52619A20287EB8A200126582 /* Project object */;
}
